{
  "name": "forward",
  "version": "0.0.1",
  "lockfileVersion": 2,
  "requires": true,
  "packages": {
    "": {
      "version": "0.0.1",
      "dependencies": {
        "@types/node": "^16.4.10",
        "sorted-queue": "^0.3.2"
      }
    },
    "node_modules/@types/node": {
      "version": "16.4.10",
      "resolved": "https://repo.huaweicloud.com/repository/npm/@types/node/-/node-16.4.10.tgz",
      "integrity": "sha512-TmVHsm43br64js9BqHWqiDZA+xMtbUpI1MBIA0EyiBmoV9pcEYFOSdj5fr6enZNfh4fChh+AGOLIzGwJnkshyQ==",
      "license": "MIT"
    },
    "node_modules/sorted-queue": {
      "version": "0.3.2",
      "resolved": "https://repo.huaweicloud.com/repository/npm/sorted-queue/-/sorted-queue-0.3.2.tgz",
      "integrity": "sha512-qU4vLWMsJhJe/0viohHfspYqyWfh2R/eGHkdSnQngwhtE+UqZp22BI6LVS+1j63Br/7p74PY+h/JtLHioaR8Dg==",
      "license": "MIT"
    }
  },
  "dependencies": {
    "@types/node": {
      "version": "16.4.10",
      "resolved": "https://repo.huaweicloud.com/repository/npm/@types/node/-/node-16.4.10.tgz",
      "integrity": "sha512-TmVHsm43br64js9BqHWqiDZA+xMtbUpI1MBIA0EyiBmoV9pcEYFOSdj5fr6enZNfh4fChh+AGOLIzGwJnkshyQ=="
    },
    "sorted-queue": {
      "version": "0.3.2",
      "resolved": "https://repo.huaweicloud.com/repository/npm/sorted-queue/-/sorted-queue-0.3.2.tgz",
      "integrity": "sha512-qU4vLWMsJhJe/0viohHfspYqyWfh2R/eGHkdSnQngwhtE+UqZp22BI6LVS+1j63Br/7p74PY+h/JtLHioaR8Dg=="
    }
  }
}
